# This file was autogenerated by Stack.
# You should not edit this file by hand.
# For more information, please see the documentation at:
#   https://docs.haskellstack.org/en/stable/lock_files

packages: []
snapshots:
- completed:
    size: 524711
    url: https://raw.githubusercontent.com/commercialhaskell/stackage-snapshots/master/nightly/2019/8/17.yaml
    sha256: 1cfed25754214b97b6ff6e3be52e1da2d1dadea28edfb6a3d51d8cf1b51f8835
  original: nightly-2019-08-17
